<?xml version="1.0" encoding="utf-8"?>
<Project ToolsVersion="4.0" xmlns="http://schemas.microsoft.com/developer/msbuild/2003">
  <ItemGroup>
    <ClCompile Include="PyLoader.cpp" />
    <ClCompile Include="DllMain.cpp" />
    <ClCompile Include="sdk\PyCHud.cpp" />
    <ClCompile Include="sdk\PyCommon.cpp" />
    <ClCompile Include="sdk\PyOpcodes.cpp" />
    <ClCompile Include="sdk\PyMemory.cpp" />
    <ClCompile Include="PyUtils.cpp" />
    <ClCompile Include="sdk\PyScript.cpp" />
    <ClCompile Include="sdk\PyCLEO.cpp" />
  </ItemGroup>
  <ItemGroup>
    <ClInclude Include="pch.h" />
    <ClInclude Include="PyLoader.h" />
    <ClInclude Include="sdk\PyCHud.h" />
    <ClInclude Include="sdk\PyCommon.h" />
    <ClInclude Include="sdk\PyOpcodes.h" />
    <ClInclude Include="sdk\PyMemory.h" />
    <ClInclude Include="PyUtils.h" />
    <ClInclude Include="ScriptData.hpp" />
    <ClInclude Include="sdk\PyScript.h" />
    <ClInclude Include="sdk\PyCLEO.h" />
  </ItemGroup>
</Project>